
Microsoft Visual Studio Solution File, Format Version 12.00
# Visual Studio 15
VisualStudioVersion = 15.0.27703.2042
MinimumVisualStudioVersion = 10.0.40219.1
Project("{FAE04EC0-301F-11D3-BF4B-00C04F79EFBC}") = "ConsoleClient", "ConsoleClient\ConsoleClient.csproj", "{5DB0762E-76CF-4692-A0EE-CFF3D05012A5}"
EndProject
Project("{FAE04EC0-301F-11D3-BF4B-00C04F79EFBC}") = "Logic", "Logic\Logic.csproj", "{A600AEC0-28E6-49DE-838C-20656675E6A9}"
EndProject
Project("{FAE04EC0-301F-11D3-BF4B-00C04F79EFBC}") = "Storage", "Storage\Storage.csproj", "{C4C94F1B-634F-4D5F-9481-761C9DF5A460}"
EndProject
Global
	GlobalSection(SolutionConfigurationPlatforms) = preSolution
		Debug|Any CPU = Debug|Any CPU
		Release|Any CPU = Release|Any CPU
	EndGlobalSection
	GlobalSection(ProjectConfigurationPlatforms) = postSolution
		{5DB0762E-76CF-4692-A0EE-CFF3D05012A5}.Debug|Any CPU.ActiveCfg = Debug|Any CPU
		{5DB0762E-76CF-4692-A0EE-CFF3D05012A5}.Debug|Any CPU.Build.0 = Debug|Any CPU
		{5DB0762E-76CF-4692-A0EE-CFF3D05012A5}.Release|Any CPU.ActiveCfg = Release|Any CPU
		{5DB0762E-76CF-4692-A0EE-CFF3D05012A5}.Release|Any CPU.Build.0 = Release|Any CPU
		{A600AEC0-28E6-49DE-838C-20656675E6A9}.Debug|Any CPU.ActiveCfg = Debug|Any CPU
		{A600AEC0-28E6-49DE-838C-20656675E6A9}.Debug|Any CPU.Build.0 = Debug|Any CPU
		{A600AEC0-28E6-49DE-838C-20656675E6A9}.Release|Any CPU.ActiveCfg = Release|Any CPU
		{A600AEC0-28E6-49DE-838C-20656675E6A9}.Release|Any CPU.Build.0 = Release|Any CPU
		{C4C94F1B-634F-4D5F-9481-761C9DF5A460}.Debug|Any CPU.ActiveCfg = Debug|Any CPU
		{C4C94F1B-634F-4D5F-9481-761C9DF5A460}.Debug|Any CPU.Build.0 = Debug|Any CPU
		{C4C94F1B-634F-4D5F-9481-761C9DF5A460}.Release|Any CPU.ActiveCfg = Release|Any CPU
		{C4C94F1B-634F-4D5F-9481-761C9DF5A460}.Release|Any CPU.Build.0 = Release|Any CPU
	EndGlobalSection
	GlobalSection(SolutionProperties) = preSolution
		HideSolutionNode = FALSE
	EndGlobalSection
	GlobalSection(ExtensibilityGlobals) = postSolution
		SolutionGuid = {BE3C095F-7B72-4085-9F72-36A2629C294D}
	EndGlobalSection
EndGlobal
